
Microsoft Visual Studio Solution File, Format Version 12.00
# Visual Studio Version 16
VisualStudioVersion = 16.0.29215.179
MinimumVisualStudioVersion = 10.0.40219.1
Project("{FAE04EC0-301F-11D3-BF4B-00C04F79EFBC}") = "FinchTalentShow", "FinchTalentShow\FinchTalentShow.csproj", "{38563EF8-D2EB-446C-AB7E-3E8A5F6C255C}"
EndProject
Global
	GlobalSection(SolutionConfigurationPlatforms) = preSolution
		Debug|Any CPU = Debug|Any CPU
		Release|Any CPU = Release|Any CPU
	EndGlobalSection
	GlobalSection(ProjectConfigurationPlatforms) = postSolution
		{38563EF8-D2EB-446C-AB7E-3E8A5F6C255C}.Debug|Any CPU.ActiveCfg = Debug|Any CPU
		{38563EF8-D2EB-446C-AB7E-3E8A5F6C255C}.Debug|Any CPU.Build.0 = Debug|Any CPU
		{38563EF8-D2EB-446C-AB7E-3E8A5F6C255C}.Release|Any CPU.ActiveCfg = Release|Any CPU
		{38563EF8-D2EB-446C-AB7E-3E8A5F6C255C}.Release|Any CPU.Build.0 = Release|Any CPU
	EndGlobalSection
	GlobalSection(SolutionProperties) = preSolution
		HideSolutionNode = FALSE
	EndGlobalSection
	GlobalSection(ExtensibilityGlobals) = postSolution
		SolutionGuid = {D1BDD8AF-1F6D-4BD8-BDB1-E70BB7E0F87A}
	EndGlobalSection
EndGlobal
